
Microsoft Visual Studio Solution File, Format Version 12.00
# Visual Studio Version 17
VisualStudioVersion = 17.4.33110.190
MinimumVisualStudioVersion = 10.0.40219.1
Project("{FAE04EC0-301F-11D3-BF4B-00C04F79EFBC}") = "GUICalculator", "GUICalculator.csproj", "{F01E0302-7AF9-41F9-A663-B5C0562FB4DB}"
EndProject
Global
	GlobalSection(SolutionConfigurationPlatforms) = preSolution
		Debug|Any CPU = Debug|Any CPU
		Release|Any CPU = Release|Any CPU
	EndGlobalSection
	GlobalSection(ProjectConfigurationPlatforms) = postSolution
		{F01E0302-7AF9-41F9-A663-B5C0562FB4DB}.Debug|Any CPU.ActiveCfg = Debug|Any CPU
		{F01E0302-7AF9-41F9-A663-B5C0562FB4DB}.Debug|Any CPU.Build.0 = Debug|Any CPU
		{F01E0302-7AF9-41F9-A663-B5C0562FB4DB}.Release|Any CPU.ActiveCfg = Release|Any CPU
		{F01E0302-7AF9-41F9-A663-B5C0562FB4DB}.Release|Any CPU.Build.0 = Release|Any CPU
	EndGlobalSection
	GlobalSection(SolutionProperties) = preSolution
		HideSolutionNode = FALSE
	EndGlobalSection
	GlobalSection(ExtensibilityGlobals) = postSolution
		SolutionGuid = {8CA07CEB-3980-4A3C-8DEE-4BAD2752A2B2}
	EndGlobalSection
EndGlobal
